
Microsoft Visual Studio Solution File, Format Version 12.00
# Visual Studio Version 16
VisualStudioVersion = 16.0.30413.136
MinimumVisualStudioVersion = 10.0.40219.1
Project("{FAE04EC0-301F-11D3-BF4B-00C04F79EFBC}") = "eShop.Core", "eShop.Core\eShop.Core.csproj", "{995FBD6F-D60F-41E7-A2D7-1B430E0A6B93}"
EndProject
Global
	GlobalSection(SolutionConfigurationPlatforms) = preSolution
		Debug|Any CPU = Debug|Any CPU
		Release|Any CPU = Release|Any CPU
	EndGlobalSection
	GlobalSection(ProjectConfigurationPlatforms) = postSolution
		{995FBD6F-D60F-41E7-A2D7-1B430E0A6B93}.Debug|Any CPU.ActiveCfg = Debug|Any CPU
		{995FBD6F-D60F-41E7-A2D7-1B430E0A6B93}.Debug|Any CPU.Build.0 = Debug|Any CPU
		{995FBD6F-D60F-41E7-A2D7-1B430E0A6B93}.Release|Any CPU.ActiveCfg = Release|Any CPU
		{995FBD6F-D60F-41E7-A2D7-1B430E0A6B93}.Release|Any CPU.Build.0 = Release|Any CPU
	EndGlobalSection
	GlobalSection(SolutionProperties) = preSolution
		HideSolutionNode = FALSE
	EndGlobalSection
	GlobalSection(ExtensibilityGlobals) = postSolution
		SolutionGuid = {A13B999A-4E9E-4942-B638-2091B0E5C004}
	EndGlobalSection
EndGlobal
